// !$*UTF8*$!
{
	archiveVersion = 1;
	classes = {
	};
	objectVersion = 46;
	objects = {

/* Begin PBXBuildFile section */
		443247AB1DAE5B33001D153B /* ConnectionComrade.cpp in Sources */ = {isa = PBXBuildFile; fileRef = 443247A91DAE5B33001D153B /* ConnectionComrade.cpp */; };
		443247B11DB059CE001D153B /* Connection.cpp in Sources */ = {isa = PBXBuildFile; fileRef = 443247AF1DB059CE001D153B /* Connection.cpp */; };
		443247B41DB60187001D153B /* AblationStation.cpp in Sources */ = {isa = PBXBuildFile; fileRef = 443247B21DB60187001D153B /* AblationStation.cpp */; };
		444DE4031D8A5D7F00247E36 /* MuscleInfoModule.cpp in Sources */ = {isa = PBXBuildFile; fileRef = 444DE3E11D8A5D7F00247E36 /* MuscleInfoModule.cpp */; };
		444DE4041D8A5D7F00247E36 /* NeuronInfoModule.cpp in Sources */ = {isa = PBXBuildFile; fileRef = 444DE3E31D8A5D7F00247E36 /* NeuronInfoModule.cpp */; };
		444DE4051D8A5D7F00247E36 /* ElementInfoModule.cpp in Sources */ = {isa = PBXBuildFile; fileRef = 444DE3E51D8A5D7F00247E36 /* ElementInfoModule.cpp */; };
		444DE4061D8A5D7F00247E36 /* ShapeCreator.cpp in Sources */ = {isa = PBXBuildFile; fileRef = 444DE3E91D8A5D7F00247E36 /* ShapeCreator.cpp */; };
		444DE4091D8A5D7F00247E36 /* Artist.cpp in Sources */ = {isa = PBXBuildFile; fileRef = 444DE3EF1D8A5D7F00247E36 /* Artist.cpp */; };
		444DE40A1D8A5D7F00247E36 /* TextMaker.cpp in Sources */ = {isa = PBXBuildFile; fileRef = 444DE3F11D8A5D7F00247E36 /* TextMaker.cpp */; };
		444DE40C1D8A5D7F00247E36 /* Shader.cpp in Sources */ = {isa = PBXBuildFile; fileRef = 444DE3F81D8A5D7F00247E36 /* Shader.cpp */; };
		444DE40D1D8A5D7F00247E36 /* MassPoint.cpp in Sources */ = {isa = PBXBuildFile; fileRef = 444DE3FA1D8A5D7F00247E36 /* MassPoint.cpp */; };
		444DE40E1D8A5D7F00247E36 /* Mesher.cpp in Sources */ = {isa = PBXBuildFile; fileRef = 444DE3FC1D8A5D7F00247E36 /* Mesher.cpp */; };
		444DE4101D8A5D7F00247E36 /* Geometrician.cpp in Sources */ = {isa = PBXBuildFile; fileRef = 444DE4001D8A5D7F00247E36 /* Geometrician.cpp */; };
		444DE4181D8A63AC00247E36 /* SOIL.c in Sources */ = {isa = PBXBuildFile; fileRef = 444DE4161D8A63AC00247E36 /* SOIL.c */; };
		444DE41E1D8A63F800247E36 /* stb_image_aug.c in Sources */ = {isa = PBXBuildFile; fileRef = 444DE41A1D8A63F800247E36 /* stb_image_aug.c */; };
		444DE4231D8A642700247E36 /* image_DXT.c in Sources */ = {isa = PBXBuildFile; fileRef = 444DE41F1D8A642700247E36 /* image_DXT.c */; };
		444DE4241D8A642700247E36 /* image_helper.c in Sources */ = {isa = PBXBuildFile; fileRef = 444DE4211D8A642700247E36 /* image_helper.c */; };
		444DE4661D8A717500247E36 /* GraphicsGovernor.cpp in Sources */ = {isa = PBXBuildFile; fileRef = 444DE42C1D8A717300247E36 /* GraphicsGovernor.cpp */; };
		444DE46C1D8A717500247E36 /* main.cpp in Sources */ = {isa = PBXBuildFile; fileRef = 444DE4451D8A717400247E36 /* main.cpp */; };
		444DE46E1D8A717500247E36 /* makefile in Sources */ = {isa = PBXBuildFile; fileRef = 444DE4471D8A717400247E36 /* makefile */; };
		444DE46F1D8A717500247E36 /* myDebug.cpp in Sources */ = {isa = PBXBuildFile; fileRef = 444DE44A1D8A717400247E36 /* myDebug.cpp */; };
		444DE4701D8A717500247E36 /* README.md in Sources */ = {isa = PBXBuildFile; fileRef = 444DE44F1D8A717400247E36 /* README.md */; };
		449019C81DBA13CF00569854 /* Probe.cpp in Sources */ = {isa = PBXBuildFile; fileRef = 449019C61DBA13CE00569854 /* Probe.cpp */; };
		44AF538D1DA46F89009546BC /* OptionForewoman.cpp in Sources */ = {isa = PBXBuildFile; fileRef = 44AF538B1DA46F89009546BC /* OptionForewoman.cpp */; };
		44B6E6221D8A790200A8DB7B /* BulletDynamics.framework in Frameworks */ = {isa = PBXBuildFile; fileRef = 44B6E6211D8A790200A8DB7B /* BulletDynamics.framework */; };
		44B6E6241D8A792300A8DB7B /* BulletCollision.framework in Frameworks */ = {isa = PBXBuildFile; fileRef = 44B6E6231D8A792300A8DB7B /* BulletCollision.framework */; };
		44B6E6261D8A793A00A8DB7B /* LinearMath.framework in Frameworks */ = {isa = PBXBuildFile; fileRef = 44B6E6251D8A793A00A8DB7B /* LinearMath.framework */; };
		44B6E6341D9A6CB300A8DB7B /* Camera.cpp in Sources */ = {isa = PBXBuildFile; fileRef = 44B6E6321D9A6CB300A8DB7B /* Camera.cpp */; };
		44FDA2EC1DCC7995005897DB /* DataVisualizer.cpp in Sources */ = {isa = PBXBuildFile; fileRef = 44FDA2EA1DCC7995005897DB /* DataVisualizer.cpp */; };
		496841931E125FB1008AF250 /* CoreVideo.framework in Frameworks */ = {isa = PBXBuildFile; fileRef = 49C754C31E125D07000D0A00 /* CoreVideo.framework */; };
		49C754BF1E121DA7000D0A00 /* OpenCL.framework in Frameworks */ = {isa = PBXBuildFile; fileRef = 663A75BC1D0B1A6800F6B561 /* OpenCL.framework */; };
		49C754C01E125CEB000D0A00 /* GLUT.framework in Frameworks */ = {isa = PBXBuildFile; fileRef = 663A75C61D0B1AF000F6B561 /* GLUT.framework */; };
		49C754C11E125CF8000D0A00 /* OpenGL.framework in Frameworks */ = {isa = PBXBuildFile; fileRef = 663A75BE1D0B1A6F00F6B561 /* OpenGL.framework */; };
		49C754C61E125D15000D0A00 /* Cocoa.framework in Frameworks */ = {isa = PBXBuildFile; fileRef = 49C754C51E125D15000D0A00 /* Cocoa.framework */; };
		F74880401E2448A00083763E /* ComputeSteward.cpp in Sources */ = {isa = PBXBuildFile; fileRef = F748803A1E2448A00083763E /* ComputeSteward.cpp */; };
		F74880411E2448A00083763E /* DataSteward.cpp in Sources */ = {isa = PBXBuildFile; fileRef = F748803C1E2448A00083763E /* DataSteward.cpp */; };
		F74880421E2448A00083763E /* Steward.cpp in Sources */ = {isa = PBXBuildFile; fileRef = F748803E1E2448A00083763E /* Steward.cpp */; };
		F74880451E245C930083763E /* SensoryStimulationSteward.cpp in Sources */ = {isa = PBXBuildFile; fileRef = F74880431E245C930083763E /* SensoryStimulationSteward.cpp */; };
		F74880481E25AA760083763E /* StimuliSteward.cpp in Sources */ = {isa = PBXBuildFile; fileRef = F74880461E25AA760083763E /* StimuliSteward.cpp */; };
		F748804C1E25B7020083763E /* DevelopmentSteward.cpp in Sources */ = {isa = PBXBuildFile; fileRef = F748804A1E25B7020083763E /* DevelopmentSteward.cpp */; };
		F74880501E25FB1E0083763E /* OrtusKernelOne.cl in Sources */ = {isa = PBXBuildFile; fileRef = F748804E1E25FB1E0083763E /* OrtusKernelOne.cl */; };
		F74880511E25FB1E0083763E /* OrtusKernelTwo.cl in Sources */ = {isa = PBXBuildFile; fileRef = F748804F1E25FB1E0083763E /* OrtusKernelTwo.cl */; };
		F7DA053F1E1FCB96009FA734 /* FileAssistant.cpp in Sources */ = {isa = PBXBuildFile; fileRef = F7DA053D1E1FCB96009FA734 /* FileAssistant.cpp */; };
		F7E7A0A01E2204B20068BD3E /* Signal.cpp in Sources */ = {isa = PBXBuildFile; fileRef = F7E7A09E1E2204B20068BD3E /* Signal.cpp */; };
		F7E7A0A71E2205BF0068BD3E /* ConstantSignal.cpp in Sources */ = {isa = PBXBuildFile; fileRef = F7E7A0A51E2205BF0068BD3E /* ConstantSignal.cpp */; };
		F7E7A0B31E2260350068BD3E /* ComplexStimulus.cpp in Sources */ = {isa = PBXBuildFile; fileRef = F7E7A0AB1E2260350068BD3E /* ComplexStimulus.cpp */; };
		F7E7A0B41E2260350068BD3E /* PrimitiveStimulus.cpp in Sources */ = {isa = PBXBuildFile; fileRef = F7E7A0AD1E2260350068BD3E /* PrimitiveStimulus.cpp */; };
		F7E7A0B61E2260350068BD3E /* Stimulus.cpp in Sources */ = {isa = PBXBuildFile; fileRef = F7E7A0B11E2260350068BD3E /* Stimulus.cpp */; };
/* End PBXBuildFile section */

/* Begin PBXCopyFilesBuildPhase section */
		663A75911D0B193D00F6B561 /* CopyFiles */ = {
			isa = PBXCopyFilesBuildPhase;
			buildActionMask = 2147483647;
			dstPath = /usr/share/man/man1/;
			dstSubfolderSpec = 0;
			files = (
			);
			runOnlyForDeploymentPostprocessing = 1;
		};
/* End PBXCopyFilesBuildPhase section */

/* Begin PBXFileReference section */
		443247A71DA62732001D153B /* Python.framework */ = {isa = PBXFileReference; lastKnownFileType = wrapper.framework; name = Python.framework; path = System/Library/Frameworks/Python.framework; sourceTree = SDKROOT; };
		443247A91DAE5B33001D153B /* ConnectionComrade.cpp */ = {isa = PBXFileReference; fileEncoding = 4; lastKnownFileType = sourcecode.cpp.cpp; path = ConnectionComrade.cpp; sourceTree = "<group>"; };
		443247AA1DAE5B33001D153B /* ConnectionComrade.hpp */ = {isa = PBXFileReference; fileEncoding = 4; lastKnownFileType = sourcecode.cpp.h; path = ConnectionComrade.hpp; sourceTree = "<group>"; };
		443247AF1DB059CE001D153B /* Connection.cpp */ = {isa = PBXFileReference; fileEncoding = 4; lastKnownFileType = sourcecode.cpp.cpp; path = Connection.cpp; sourceTree = "<group>"; };
		443247B01DB059CE001D153B /* Connection.hpp */ = {isa = PBXFileReference; fileEncoding = 4; lastKnownFileType = sourcecode.cpp.h; path = Connection.hpp; sourceTree = "<group>"; };
		443247B21DB60187001D153B /* AblationStation.cpp */ = {isa = PBXFileReference; fileEncoding = 4; lastKnownFileType = sourcecode.cpp.cpp; path = AblationStation.cpp; sourceTree = "<group>"; };
		443247B31DB60187001D153B /* AblationStation.hpp */ = {isa = PBXFileReference; fileEncoding = 4; lastKnownFileType = sourcecode.cpp.h; path = AblationStation.hpp; sourceTree = "<group>"; };
		444DE3D91D8A5D7F00247E36 /* axes_frag_shader.frag */ = {isa = PBXFileReference; fileEncoding = 4; lastKnownFileType = sourcecode.glsl; path = axes_frag_shader.frag; sourceTree = "<group>"; };
		444DE3DA1D8A5D7F00247E36 /* axes_vert_shader.vert */ = {isa = PBXFileReference; fileEncoding = 4; lastKnownFileType = sourcecode.glsl; path = axes_vert_shader.vert; sourceTree = "<group>"; };
		444DE3DF1D8A5D7F00247E36 /* my_frag_shader.frag */ = {isa = PBXFileReference; fileEncoding = 4; lastKnownFileType = sourcecode.glsl; path = my_frag_shader.frag; sourceTree = "<group>"; };
		444DE3E01D8A5D7F00247E36 /* my_vertex_shader.vert */ = {isa = PBXFileReference; fileEncoding = 4; lastKnownFileType = sourcecode.glsl; path = my_vertex_shader.vert; sourceTree = "<group>"; };
		444DE3E11D8A5D7F00247E36 /* MuscleInfoModule.cpp */ = {isa = PBXFileReference; fileEncoding = 4; lastKnownFileType = sourcecode.cpp.cpp; path = MuscleInfoModule.cpp; sourceTree = "<group>"; };
		444DE3E21D8A5D7F00247E36 /* MuscleInfoModule.hpp */ = {isa = PBXFileReference; fileEncoding = 4; lastKnownFileType = sourcecode.cpp.h; path = MuscleInfoModule.hpp; sourceTree = "<group>"; };
		444DE3E31D8A5D7F00247E36 /* NeuronInfoModule.cpp */ = {isa = PBXFileReference; fileEncoding = 4; lastKnownFileType = sourcecode.cpp.cpp; path = NeuronInfoModule.cpp; sourceTree = "<group>"; };
		444DE3E41D8A5D7F00247E36 /* NeuronInfoModule.hpp */ = {isa = PBXFileReference; fileEncoding = 4; lastKnownFileType = sourcecode.cpp.h; path = NeuronInfoModule.hpp; sourceTree = "<group>"; };
		444DE3E51D8A5D7F00247E36 /* ElementInfoModule.cpp */ = {isa = PBXFileReference; fileEncoding = 4; lastKnownFileType = sourcecode.cpp.cpp; path = ElementInfoModule.cpp; sourceTree = "<group>"; };
		444DE3E61D8A5D7F00247E36 /* ElementInfoModule.hpp */ = {isa = PBXFileReference; fileEncoding = 4; lastKnownFileType = sourcecode.cpp.h; path = ElementInfoModule.hpp; sourceTree = "<group>"; };
		444DE3E71D8A5D7F00247E36 /* coordinate_systems.frag */ = {isa = PBXFileReference; fileEncoding = 4; lastKnownFileType = sourcecode.glsl; path = coordinate_systems.frag; sourceTree = "<group>"; };
		444DE3E81D8A5D7F00247E36 /* coordinate_systems.vs */ = {isa = PBXFileReference; fileEncoding = 4; lastKnownFileType = sourcecode.glsl; path = coordinate_systems.vs; sourceTree = "<group>"; };
		444DE3E91D8A5D7F00247E36 /* ShapeCreator.cpp */ = {isa = PBXFileReference; fileEncoding = 4; lastKnownFileType = sourcecode.cpp.cpp; path = ShapeCreator.cpp; sourceTree = "<group>"; };
		444DE3EA1D8A5D7F00247E36 /* ShapeCreator.hpp */ = {isa = PBXFileReference; fileEncoding = 4; lastKnownFileType = sourcecode.cpp.h; path = ShapeCreator.hpp; sourceTree = "<group>"; };
		444DE3EF1D8A5D7F00247E36 /* Artist.cpp */ = {isa = PBXFileReference; fileEncoding = 4; lastKnownFileType = sourcecode.cpp.cpp; path = Artist.cpp; sourceTree = "<group>"; };
		444DE3F01D8A5D7F00247E36 /* Artist.hpp */ = {isa = PBXFileReference; fileEncoding = 4; lastKnownFileType = sourcecode.cpp.h; path = Artist.hpp; sourceTree = "<group>"; };
		444DE3F11D8A5D7F00247E36 /* TextMaker.cpp */ = {isa = PBXFileReference; fileEncoding = 4; lastKnownFileType = sourcecode.cpp.cpp; path = TextMaker.cpp; sourceTree = "<group>"; };
		444DE3F21D8A5D7F00247E36 /* TextMaker.hpp */ = {isa = PBXFileReference; fileEncoding = 4; lastKnownFileType = sourcecode.cpp.h; path = TextMaker.hpp; sourceTree = "<group>"; };
		444DE3F31D8A5D7F00247E36 /* text_vert_shader.vert */ = {isa = PBXFileReference; fileEncoding = 4; lastKnownFileType = sourcecode.glsl; path = text_vert_shader.vert; sourceTree = "<group>"; };
		444DE3F41D8A5D7F00247E36 /* text_frag_shader.frag */ = {isa = PBXFileReference; fileEncoding = 4; lastKnownFileType = sourcecode.glsl; path = text_frag_shader.frag; sourceTree = "<group>"; };
		444DE3F51D8A5D7F00247E36 /* std_graphics_header.hpp */ = {isa = PBXFileReference; fileEncoding = 4; lastKnownFileType = sourcecode.cpp.h; path = std_graphics_header.hpp; sourceTree = "<group>"; };
		444DE3F81D8A5D7F00247E36 /* Shader.cpp */ = {isa = PBXFileReference; fileEncoding = 4; lastKnownFileType = sourcecode.cpp.cpp; path = Shader.cpp; sourceTree = "<group>"; };
		444DE3F91D8A5D7F00247E36 /* Shader.hpp */ = {isa = PBXFileReference; fileEncoding = 4; lastKnownFileType = sourcecode.cpp.h; path = Shader.hpp; sourceTree = "<group>"; };
		444DE3FA1D8A5D7F00247E36 /* MassPoint.cpp */ = {isa = PBXFileReference; fileEncoding = 4; lastKnownFileType = sourcecode.cpp.cpp; path = MassPoint.cpp; sourceTree = "<group>"; };
		444DE3FB1D8A5D7F00247E36 /* MassPoint.hpp */ = {isa = PBXFileReference; fileEncoding = 4; lastKnownFileType = sourcecode.cpp.h; path = MassPoint.hpp; sourceTree = "<group>"; };
		444DE3FC1D8A5D7F00247E36 /* Mesher.cpp */ = {isa = PBXFileReference; fileEncoding = 4; lastKnownFileType = sourcecode.cpp.cpp; path = Mesher.cpp; sourceTree = "<group>"; };
		444DE3FD1D8A5D7F00247E36 /* Mesher.hpp */ = {isa = PBXFileReference; fileEncoding = 4; lastKnownFileType = sourcecode.cpp.h; path = Mesher.hpp; sourceTree = "<group>"; };
		444DE4001D8A5D7F00247E36 /* Geometrician.cpp */ = {isa = PBXFileReference; fileEncoding = 4; lastKnownFileType = sourcecode.cpp.cpp; path = Geometrician.cpp; sourceTree = "<group>"; };
		444DE4011D8A5D7F00247E36 /* Geometrician.hpp */ = {isa = PBXFileReference; fileEncoding = 4; lastKnownFileType = sourcecode.cpp.h; path = Geometrician.hpp; sourceTree = "<group>"; };
		444DE4111D8A5F6500247E36 /* glm */ = {isa = PBXFileReference; lastKnownFileType = folder; path = glm; sourceTree = "<group>"; };
		444DE4151D8A622600247E36 /* fonts */ = {isa = PBXFileReference; lastKnownFileType = folder; path = fonts; sourceTree = "<group>"; };
		444DE4161D8A63AC00247E36 /* SOIL.c */ = {isa = PBXFileReference; fileEncoding = 4; lastKnownFileType = sourcecode.c.c; path = SOIL.c; sourceTree = "<group>"; };
		444DE4171D8A63AC00247E36 /* SOIL.h */ = {isa = PBXFileReference; fileEncoding = 4; lastKnownFileType = sourcecode.c.h; path = SOIL.h; sourceTree = "<group>"; };
		444DE4191D8A63D600247E36 /* tiny_obj_loader.h */ = {isa = PBXFileReference; lastKnownFileType = sourcecode.c.h; path = tiny_obj_loader.h; sourceTree = "<group>"; };
		444DE41A1D8A63F800247E36 /* stb_image_aug.c */ = {isa = PBXFileReference; fileEncoding = 4; lastKnownFileType = sourcecode.c.c; path = stb_image_aug.c; sourceTree = "<group>"; };
		444DE41B1D8A63F800247E36 /* stb_image_aug.h */ = {isa = PBXFileReference; fileEncoding = 4; lastKnownFileType = sourcecode.c.h; path = stb_image_aug.h; sourceTree = "<group>"; };
		444DE41C1D8A63F800247E36 /* stbi_DDS_aug_c.h */ = {isa = PBXFileReference; fileEncoding = 4; lastKnownFileType = sourcecode.c.h; path = stbi_DDS_aug_c.h; sourceTree = "<group>"; };
		444DE41D1D8A63F800247E36 /* stbi_DDS_aug.h */ = {isa = PBXFileReference; fileEncoding = 4; lastKnownFileType = sourcecode.c.h; path = stbi_DDS_aug.h; sourceTree = "<group>"; };
		444DE41F1D8A642700247E36 /* image_DXT.c */ = {isa = PBXFileReference; fileEncoding = 4; lastKnownFileType = sourcecode.c.c; path = image_DXT.c; sourceTree = "<group>"; };
		444DE4201D8A642700247E36 /* image_DXT.h */ = {isa = PBXFileReference; fileEncoding = 4; lastKnownFileType = sourcecode.c.h; path = image_DXT.h; sourceTree = "<group>"; };
		444DE4211D8A642700247E36 /* image_helper.c */ = {isa = PBXFileReference; fileEncoding = 4; lastKnownFileType = sourcecode.c.c; path = image_helper.c; sourceTree = "<group>"; };
		444DE4221D8A642700247E36 /* image_helper.h */ = {isa = PBXFileReference; fileEncoding = 4; lastKnownFileType = sourcecode.c.h; path = image_helper.h; sourceTree = "<group>"; };
		444DE4251D8A68F500247E36 /* GraphicsGovernor.hpp */ = {isa = PBXFileReference; lastKnownFileType = sourcecode.cpp.h; path = GraphicsGovernor.hpp; sourceTree = "<group>"; };
		444DE4281D8A717300247E36 /* bird_compile_clang */ = {isa = PBXFileReference; fileEncoding = 4; lastKnownFileType = text; path = bird_compile_clang; sourceTree = "<group>"; };
		444DE42C1D8A717300247E36 /* GraphicsGovernor.cpp */ = {isa = PBXFileReference; fileEncoding = 4; lastKnownFileType = sourcecode.cpp.cpp; path = GraphicsGovernor.cpp; sourceTree = "<group>"; };
		444DE4331D8A717300247E36 /* csv */ = {isa = PBXFileReference; lastKnownFileType = folder; path = csv; sourceTree = "<group>"; };
		444DE4401D8A717400247E36 /* havePhun.sh */ = {isa = PBXFileReference; fileEncoding = 4; lastKnownFileType = text.script.sh; path = havePhun.sh; sourceTree = "<group>"; };
		444DE4411D8A717400247E36 /* kill_all_worms.sh */ = {isa = PBXFileReference; fileEncoding = 4; lastKnownFileType = text.script.sh; path = kill_all_worms.sh; sourceTree = "<group>"; };
		444DE4421D8A717400247E36 /* killWorm_local.sh */ = {isa = PBXFileReference; fileEncoding = 4; lastKnownFileType = text.script.sh; path = killWorm_local.sh; sourceTree = "<group>"; };
		444DE4431D8A717400247E36 /* list_sleeping_procs.sh */ = {isa = PBXFileReference; fileEncoding = 4; lastKnownFileType = text.script.sh; path = list_sleeping_procs.sh; sourceTree = "<group>"; };
		444DE4441D8A717400247E36 /* log.txt */ = {isa = PBXFileReference; fileEncoding = 4; lastKnownFileType = text; path = log.txt; sourceTree = "<group>"; };
		444DE4451D8A717400247E36 /* main.cpp */ = {isa = PBXFileReference; fileEncoding = 4; lastKnownFileType = sourcecode.cpp.cpp; path = main.cpp; sourceTree = "<group>"; };
		444DE4471D8A717400247E36 /* makefile */ = {isa = PBXFileReference; fileEncoding = 4; lastKnownFileType = sourcecode.make; path = makefile; sourceTree = "<group>"; };
		444DE44A1D8A717400247E36 /* myDebug.cpp */ = {isa = PBXFileReference; fileEncoding = 4; lastKnownFileType = sourcecode.cpp.cpp; path = myDebug.cpp; sourceTree = "<group>"; };
		444DE44B1D8A717400247E36 /* myDebug.hpp */ = {isa = PBXFileReference; fileEncoding = 4; lastKnownFileType = sourcecode.cpp.h; path = myDebug.hpp; sourceTree = "<group>"; };
		444DE44D1D8A717400247E36 /* push_to_nodes.sh */ = {isa = PBXFileReference; fileEncoding = 4; lastKnownFileType = text.script.sh; path = push_to_nodes.sh; sourceTree = "<group>"; };
		444DE44F1D8A717400247E36 /* README.md */ = {isa = PBXFileReference; fileEncoding = 4; lastKnownFileType = net.daringfireball.markdown; path = README.md; sourceTree = "<group>"; };
		444DE4501D8A717400247E36 /* reindent.py */ = {isa = PBXFileReference; fileEncoding = 4; lastKnownFileType = text.script.python; path = reindent.py; sourceTree = "<group>"; };
		444DE4511D8A717400247E36 /* resources */ = {isa = PBXFileReference; lastKnownFileType = folder; path = resources; sourceTree = "<group>"; };
		444DE4601D8A717500247E36 /* wbp_merger.py */ = {isa = PBXFileReference; fileEncoding = 4; lastKnownFileType = text.script.python; path = wbp_merger.py; sourceTree = "<group>"; };
		444DE4611D8A717500247E36 /* workstations.txt */ = {isa = PBXFileReference; fileEncoding = 4; lastKnownFileType = text; path = workstations.txt; sourceTree = "<group>"; };
		449019C61DBA13CE00569854 /* Probe.cpp */ = {isa = PBXFileReference; fileEncoding = 4; lastKnownFileType = sourcecode.cpp.cpp; path = Probe.cpp; sourceTree = "<group>"; };
		449019C71DBA13CF00569854 /* Probe.hpp */ = {isa = PBXFileReference; fileEncoding = 4; lastKnownFileType = sourcecode.cpp.h; path = Probe.hpp; sourceTree = "<group>"; };
		44AF538B1DA46F89009546BC /* OptionForewoman.cpp */ = {isa = PBXFileReference; fileEncoding = 4; lastKnownFileType = sourcecode.cpp.cpp; path = OptionForewoman.cpp; sourceTree = "<group>"; };
		44AF538C1DA46F89009546BC /* OptionForewoman.hpp */ = {isa = PBXFileReference; fileEncoding = 4; lastKnownFileType = sourcecode.cpp.h; path = OptionForewoman.hpp; sourceTree = "<group>"; };
		44B6E6211D8A790200A8DB7B /* BulletDynamics.framework */ = {isa = PBXFileReference; lastKnownFileType = wrapper.framework; name = BulletDynamics.framework; path = ../../../../../../Library/Frameworks/BulletDynamics.framework; sourceTree = "<group>"; };
		44B6E6231D8A792300A8DB7B /* BulletCollision.framework */ = {isa = PBXFileReference; lastKnownFileType = wrapper.framework; name = BulletCollision.framework; path = ../../../../../../Library/Frameworks/BulletCollision.framework; sourceTree = "<group>"; };
		44B6E6251D8A793A00A8DB7B /* LinearMath.framework */ = {isa = PBXFileReference; lastKnownFileType = wrapper.framework; name = LinearMath.framework; path = ../../../../../../Library/Frameworks/LinearMath.framework; sourceTree = "<group>"; };
		44B6E62A1D8B455900A8DB7B /* rapidjson */ = {isa = PBXFileReference; lastKnownFileType = folder; path = rapidjson; sourceTree = "<group>"; };
		44B6E6321D9A6CB300A8DB7B /* Camera.cpp */ = {isa = PBXFileReference; fileEncoding = 4; lastKnownFileType = sourcecode.cpp.cpp; path = Camera.cpp; sourceTree = "<group>"; };
		44B6E6331D9A6CB300A8DB7B /* Camera.hpp */ = {isa = PBXFileReference; fileEncoding = 4; lastKnownFileType = sourcecode.cpp.h; path = Camera.hpp; sourceTree = "<group>"; };
		44FDA2EA1DCC7995005897DB /* DataVisualizer.cpp */ = {isa = PBXFileReference; fileEncoding = 4; lastKnownFileType = sourcecode.cpp.cpp; path = DataVisualizer.cpp; sourceTree = "<group>"; };
		44FDA2EB1DCC7995005897DB /* DataVisualizer.hpp */ = {isa = PBXFileReference; fileEncoding = 4; lastKnownFileType = sourcecode.cpp.h; path = DataVisualizer.hpp; sourceTree = "<group>"; };
		44FDA2EE1DCC7B51005897DB /* Plotr.hpp */ = {isa = PBXFileReference; lastKnownFileType = sourcecode.cpp.h; path = Plotr.hpp; sourceTree = "<group>"; };
		44FDA2EF1DCC7B51005897DB /* Interpreter.hpp */ = {isa = PBXFileReference; lastKnownFileType = sourcecode.cpp.h; path = Interpreter.hpp; sourceTree = "<group>"; };
		49C754C31E125D07000D0A00 /* CoreVideo.framework */ = {isa = PBXFileReference; lastKnownFileType = wrapper.framework; name = CoreVideo.framework; path = System/Library/Frameworks/CoreVideo.framework; sourceTree = SDKROOT; };
		49C754C51E125D15000D0A00 /* Cocoa.framework */ = {isa = PBXFileReference; lastKnownFileType = wrapper.framework; name = Cocoa.framework; path = System/Library/Frameworks/Cocoa.framework; sourceTree = SDKROOT; };
		49EB41ED1E1D28FB00E98215 /* Blade.hpp */ = {isa = PBXFileReference; fileEncoding = 4; lastKnownFileType = sourcecode.cpp.h; path = Blade.hpp; sourceTree = "<group>"; };
		663A75931D0B193D00F6B561 /* ortus */ = {isa = PBXFileReference; explicitFileType = "compiled.mach-o.executable"; includeInIndex = 0; path = ortus; sourceTree = BUILT_PRODUCTS_DIR; };
		663A75BC1D0B1A6800F6B561 /* OpenCL.framework */ = {isa = PBXFileReference; lastKnownFileType = wrapper.framework; name = OpenCL.framework; path = System/Library/Frameworks/OpenCL.framework; sourceTree = SDKROOT; };
		663A75BE1D0B1A6F00F6B561 /* OpenGL.framework */ = {isa = PBXFileReference; lastKnownFileType = wrapper.framework; name = OpenGL.framework; path = System/Library/Frameworks/OpenGL.framework; sourceTree = SDKROOT; };
		663A75C61D0B1AF000F6B561 /* GLUT.framework */ = {isa = PBXFileReference; lastKnownFileType = wrapper.framework; name = GLUT.framework; path = System/Library/Frameworks/GLUT.framework; sourceTree = SDKROOT; };
		F748803A1E2448A00083763E /* ComputeSteward.cpp */ = {isa = PBXFileReference; fileEncoding = 4; lastKnownFileType = sourcecode.cpp.cpp; name = ComputeSteward.cpp; path = stewards/ComputeSteward.cpp; sourceTree = "<group>"; };
		F748803B1E2448A00083763E /* ComputeSteward.hpp */ = {isa = PBXFileReference; fileEncoding = 4; lastKnownFileType = sourcecode.cpp.h; name = ComputeSteward.hpp; path = stewards/ComputeSteward.hpp; sourceTree = "<group>"; };
		F748803C1E2448A00083763E /* DataSteward.cpp */ = {isa = PBXFileReference; fileEncoding = 4; lastKnownFileType = sourcecode.cpp.cpp; name = DataSteward.cpp; path = stewards/DataSteward.cpp; sourceTree = "<group>"; };
		F748803D1E2448A00083763E /* DataSteward.hpp */ = {isa = PBXFileReference; fileEncoding = 4; lastKnownFileType = sourcecode.cpp.h; name = DataSteward.hpp; path = stewards/DataSteward.hpp; sourceTree = "<group>"; };
		F748803E1E2448A00083763E /* Steward.cpp */ = {isa = PBXFileReference; fileEncoding = 4; lastKnownFileType = sourcecode.cpp.cpp; name = Steward.cpp; path = stewards/Steward.cpp; sourceTree = "<group>"; };
		F748803F1E2448A00083763E /* Steward.hpp */ = {isa = PBXFileReference; fileEncoding = 4; lastKnownFileType = sourcecode.cpp.h; name = Steward.hpp; path = stewards/Steward.hpp; sourceTree = "<group>"; };
		F74880431E245C930083763E /* SensoryStimulationSteward.cpp */ = {isa = PBXFileReference; fileEncoding = 4; lastKnownFileType = sourcecode.cpp.cpp; name = SensoryStimulationSteward.cpp; path = stewards/SensoryStimulationSteward.cpp; sourceTree = "<group>"; };
		F74880441E245C930083763E /* SensoryStimulationSteward.hpp */ = {isa = PBXFileReference; fileEncoding = 4; lastKnownFileType = sourcecode.cpp.h; name = SensoryStimulationSteward.hpp; path = stewards/SensoryStimulationSteward.hpp; sourceTree = "<group>"; };
		F74880461E25AA760083763E /* StimuliSteward.cpp */ = {isa = PBXFileReference; fileEncoding = 4; lastKnownFileType = sourcecode.cpp.cpp; name = StimuliSteward.cpp; path = stewards/StimuliSteward.cpp; sourceTree = "<group>"; };
		F74880471E25AA760083763E /* StimuliSteward.hpp */ = {isa = PBXFileReference; fileEncoding = 4; lastKnownFileType = sourcecode.cpp.h; name = StimuliSteward.hpp; path = stewards/StimuliSteward.hpp; sourceTree = "<group>"; };
		F74880491E25AE210083763E /* todo.txt */ = {isa = PBXFileReference; fileEncoding = 4; lastKnownFileType = text; path = todo.txt; sourceTree = "<group>"; };
		F748804A1E25B7020083763E /* DevelopmentSteward.cpp */ = {isa = PBXFileReference; fileEncoding = 4; lastKnownFileType = sourcecode.cpp.cpp; name = DevelopmentSteward.cpp; path = stewards/DevelopmentSteward.cpp; sourceTree = "<group>"; };
		F748804B1E25B7020083763E /* DevelopmentSteward.hpp */ = {isa = PBXFileReference; fileEncoding = 4; lastKnownFileType = sourcecode.cpp.h; name = DevelopmentSteward.hpp; path = stewards/DevelopmentSteward.hpp; sourceTree = "<group>"; };
		F748804D1E25EF860083763E /* correlationNotes.txt */ = {isa = PBXFileReference; fileEncoding = 4; lastKnownFileType = text; name = correlationNotes.txt; path = notes/correlationNotes.txt; sourceTree = "<group>"; };
		F748804E1E25FB1E0083763E /* OrtusKernelOne.cl */ = {isa = PBXFileReference; fileEncoding = 4; lastKnownFileType = sourcecode.opencl; name = OrtusKernelOne.cl; path = kernels/OrtusKernelOne.cl; sourceTree = "<group>"; };
		F748804F1E25FB1E0083763E /* OrtusKernelTwo.cl */ = {isa = PBXFileReference; fileEncoding = 4; lastKnownFileType = sourcecode.opencl; name = OrtusKernelTwo.cl; path = kernels/OrtusKernelTwo.cl; sourceTree = "<group>"; };
		F753A7C51E283A0200625EBC /* learningNotes.txt */ = {isa = PBXFileReference; fileEncoding = 4; lastKnownFileType = text; name = learningNotes.txt; path = notes/learningNotes.txt; sourceTree = "<group>"; };
		F7DA053D1E1FCB96009FA734 /* FileAssistant.cpp */ = {isa = PBXFileReference; fileEncoding = 4; lastKnownFileType = sourcecode.cpp.cpp; path = FileAssistant.cpp; sourceTree = "<group>"; };
		F7DA053E1E1FCB96009FA734 /* FileAssistant.hpp */ = {isa = PBXFileReference; fileEncoding = 4; lastKnownFileType = sourcecode.cpp.h; path = FileAssistant.hpp; sourceTree = "<group>"; };
		F7E7A0911E20C1FB0068BD3E /* cppcommon */ = {isa = PBXFileReference; lastKnownFileType = folder; path = cppcommon; sourceTree = "<group>"; };
		F7E7A09E1E2204B20068BD3E /* Signal.cpp */ = {isa = PBXFileReference; fileEncoding = 4; lastKnownFileType = sourcecode.cpp.cpp; name = Signal.cpp; path = signals/Signal.cpp; sourceTree = "<group>"; };
		F7E7A09F1E2204B20068BD3E /* Signal.hpp */ = {isa = PBXFileReference; fileEncoding = 4; lastKnownFileType = sourcecode.cpp.h; name = Signal.hpp; path = signals/Signal.hpp; sourceTree = "<group>"; };
		F7E7A0A51E2205BF0068BD3E /* ConstantSignal.cpp */ = {isa = PBXFileReference; fileEncoding = 4; lastKnownFileType = sourcecode.cpp.cpp; name = ConstantSignal.cpp; path = signals/ConstantSignal.cpp; sourceTree = "<group>"; };
		F7E7A0A61E2205BF0068BD3E /* ConstantSignal.hpp */ = {isa = PBXFileReference; fileEncoding = 4; lastKnownFileType = sourcecode.cpp.h; name = ConstantSignal.hpp; path = signals/ConstantSignal.hpp; sourceTree = "<group>"; };
		F7E7A0AB1E2260350068BD3E /* ComplexStimulus.cpp */ = {isa = PBXFileReference; fileEncoding = 4; lastKnownFileType = sourcecode.cpp.cpp; name = ComplexStimulus.cpp; path = stimuli/ComplexStimulus.cpp; sourceTree = "<group>"; };
		F7E7A0AC1E2260350068BD3E /* ComplexStimulus.hpp */ = {isa = PBXFileReference; fileEncoding = 4; lastKnownFileType = sourcecode.cpp.h; name = ComplexStimulus.hpp; path = stimuli/ComplexStimulus.hpp; sourceTree = "<group>"; };
		F7E7A0AD1E2260350068BD3E /* PrimitiveStimulus.cpp */ = {isa = PBXFileReference; fileEncoding = 4; lastKnownFileType = sourcecode.cpp.cpp; name = PrimitiveStimulus.cpp; path = stimuli/PrimitiveStimulus.cpp; sourceTree = "<group>"; };
		F7E7A0AE1E2260350068BD3E /* PrimitiveStimulus.hpp */ = {isa = PBXFileReference; fileEncoding = 4; lastKnownFileType = sourcecode.cpp.h; name = PrimitiveStimulus.hpp; path = stimuli/PrimitiveStimulus.hpp; sourceTree = "<group>"; };
		F7E7A0B11E2260350068BD3E /* Stimulus.cpp */ = {isa = PBXFileReference; fileEncoding = 4; lastKnownFileType = sourcecode.cpp.cpp; name = Stimulus.cpp; path = stimuli/Stimulus.cpp; sourceTree = "<group>"; };
		F7E7A0B21E2260350068BD3E /* Stimulus.hpp */ = {isa = PBXFileReference; fileEncoding = 4; lastKnownFileType = sourcecode.cpp.h; name = Stimulus.hpp; path = stimuli/Stimulus.hpp; sourceTree = "<group>"; };
/* End PBXFileReference section */

/* Begin PBXFrameworksBuildPhase section */
		663A75901D0B193D00F6B561 /* Frameworks */ = {
			isa = PBXFrameworksBuildPhase;
			buildActionMask = 2147483647;
			files = (
				496841931E125FB1008AF250 /* CoreVideo.framework in Frameworks */,
				49C754C61E125D15000D0A00 /* Cocoa.framework in Frameworks */,
				49C754C11E125CF8000D0A00 /* OpenGL.framework in Frameworks */,
				49C754C01E125CEB000D0A00 /* GLUT.framework in Frameworks */,
				49C754BF1E121DA7000D0A00 /* OpenCL.framework in Frameworks */,
				44B6E6261D8A793A00A8DB7B /* LinearMath.framework in Frameworks */,
				44B6E6241D8A792300A8DB7B /* BulletCollision.framework in Frameworks */,
				44B6E6221D8A790200A8DB7B /* BulletDynamics.framework in Frameworks */,
			);
			runOnlyForDeploymentPostprocessing = 0;
		};
/* End PBXFrameworksBuildPhase section */

/* Begin PBXGroup section */
		44B6E62B1D8B46DC00A8DB7B /* notes */ = {
			isa = PBXGroup;
			children = (
				444DE4611D8A717500247E36 /* workstations.txt */,
				444DE44F1D8A717400247E36 /* README.md */,
				F74880491E25AE210083763E /* todo.txt */,
				F748804D1E25EF860083763E /* correlationNotes.txt */,
				F753A7C51E283A0200625EBC /* learningNotes.txt */,
			);
			name = notes;
			sourceTree = "<group>";
		};
		44B6E62C1D8B471A00A8DB7B /* scripts */ = {
			isa = PBXGroup;
			children = (
				444DE4501D8A717400247E36 /* reindent.py */,
				444DE4601D8A717500247E36 /* wbp_merger.py */,
				444DE4281D8A717300247E36 /* bird_compile_clang */,
				444DE4401D8A717400247E36 /* havePhun.sh */,
				444DE4411D8A717400247E36 /* kill_all_worms.sh */,
				444DE4421D8A717400247E36 /* killWorm_local.sh */,
				444DE4431D8A717400247E36 /* list_sleeping_procs.sh */,
				444DE4471D8A717400247E36 /* makefile */,
				444DE44D1D8A717400247E36 /* push_to_nodes.sh */,
			);
			name = scripts;
			sourceTree = "<group>";
		};
		44B6E62D1D8B48C300A8DB7B /* shaders */ = {
			isa = PBXGroup;
			children = (
				444DE3D91D8A5D7F00247E36 /* axes_frag_shader.frag */,
				444DE3DA1D8A5D7F00247E36 /* axes_vert_shader.vert */,
				444DE3DF1D8A5D7F00247E36 /* my_frag_shader.frag */,
				444DE3E01D8A5D7F00247E36 /* my_vertex_shader.vert */,
				444DE3E71D8A5D7F00247E36 /* coordinate_systems.frag */,
				444DE3E81D8A5D7F00247E36 /* coordinate_systems.vs */,
				444DE3F31D8A5D7F00247E36 /* text_vert_shader.vert */,
				444DE3F41D8A5D7F00247E36 /* text_frag_shader.frag */,
			);
			name = shaders;
			sourceTree = "<group>";
		};
		44B6E62E1D8B48CA00A8DB7B /* kernels */ = {
			isa = PBXGroup;
			children = (
				F748804E1E25FB1E0083763E /* OrtusKernelOne.cl */,
				F748804F1E25FB1E0083763E /* OrtusKernelTwo.cl */,
			);
			name = kernels;
			sourceTree = "<group>";
		};
		44FDA2ED1DCC7B38005897DB /* Plotr */ = {
			isa = PBXGroup;
			children = (
				44FDA2EE1DCC7B51005897DB /* Plotr.hpp */,
				44FDA2EF1DCC7B51005897DB /* Interpreter.hpp */,
			);
			name = Plotr;
			sourceTree = "<group>";
		};
		49C754C21E125D07000D0A00 /* Frameworks */ = {
			isa = PBXGroup;
			children = (
				49C754C51E125D15000D0A00 /* Cocoa.framework */,
				49C754C31E125D07000D0A00 /* CoreVideo.framework */,
			);
			name = Frameworks;
			sourceTree = "<group>";
		};
		663A758A1D0B193D00F6B561 = {
			isa = PBXGroup;
			children = (
				44FDA2ED1DCC7B38005897DB /* Plotr */,
				443247A71DA62732001D153B /* Python.framework */,
				44B6E62E1D8B48CA00A8DB7B /* kernels */,
				44B6E62D1D8B48C300A8DB7B /* shaders */,
				666FF3951D19A2C0001972D4 /* src */,
				44B6E62C1D8B471A00A8DB7B /* scripts */,
				44B6E62B1D8B46DC00A8DB7B /* notes */,
				444DE4331D8A717300247E36 /* csv */,
				444DE4151D8A622600247E36 /* fonts */,
				444DE4111D8A5F6500247E36 /* glm */,
				44B6E62A1D8B455900A8DB7B /* rapidjson */,
				444DE4511D8A717400247E36 /* resources */,
				F7E7A0911E20C1FB0068BD3E /* cppcommon */,
				44B6E6231D8A792300A8DB7B /* BulletCollision.framework */,
				44B6E6211D8A790200A8DB7B /* BulletDynamics.framework */,
				663A75C61D0B1AF000F6B561 /* GLUT.framework */,
				44B6E6251D8A793A00A8DB7B /* LinearMath.framework */,
				663A75BC1D0B1A6800F6B561 /* OpenCL.framework */,
				663A75BE1D0B1A6F00F6B561 /* OpenGL.framework */,
				663A75941D0B193D00F6B561 /* Products */,
				49C754C21E125D07000D0A00 /* Frameworks */,
			);
			sourceTree = "<group>";
		};
		663A75941D0B193D00F6B561 /* Products */ = {
			isa = PBXGroup;
			children = (
				663A75931D0B193D00F6B561 /* ortus */,
			);
			name = Products;
			sourceTree = "<group>";
		};
		666FF3951D19A2C0001972D4 /* src */ = {
			isa = PBXGroup;
			children = (
				444DE4451D8A717400247E36 /* main.cpp */,
				F7E7A0A11E2204D00068BD3E /* signals */,
				F74880391E2448510083763E /* stewards */,
				F7E7A0B71E2260620068BD3E /* stimuli */,
				443247B21DB60187001D153B /* AblationStation.cpp */,
				443247B31DB60187001D153B /* AblationStation.hpp */,
				49EB41ED1E1D28FB00E98215 /* Blade.hpp */,
				443247AF1DB059CE001D153B /* Connection.cpp */,
				443247B01DB059CE001D153B /* Connection.hpp */,
				44FDA2EA1DCC7995005897DB /* DataVisualizer.cpp */,
				44FDA2EB1DCC7995005897DB /* DataVisualizer.hpp */,
				444DE3E51D8A5D7F00247E36 /* ElementInfoModule.cpp */,
				444DE3E61D8A5D7F00247E36 /* ElementInfoModule.hpp */,
				F7DA053D1E1FCB96009FA734 /* FileAssistant.cpp */,
				F7DA053E1E1FCB96009FA734 /* FileAssistant.hpp */,
				444DE42C1D8A717300247E36 /* GraphicsGovernor.cpp */,
				444DE4251D8A68F500247E36 /* GraphicsGovernor.hpp */,
				444DE4441D8A717400247E36 /* log.txt */,
				444DE3E11D8A5D7F00247E36 /* MuscleInfoModule.cpp */,
				444DE3E21D8A5D7F00247E36 /* MuscleInfoModule.hpp */,
				444DE44A1D8A717400247E36 /* myDebug.cpp */,
				444DE44B1D8A717400247E36 /* myDebug.hpp */,
				444DE3E31D8A5D7F00247E36 /* NeuronInfoModule.cpp */,
				444DE3E41D8A5D7F00247E36 /* NeuronInfoModule.hpp */,
				449019C61DBA13CE00569854 /* Probe.cpp */,
				449019C71DBA13CF00569854 /* Probe.hpp */,
				444DE3F51D8A5D7F00247E36 /* std_graphics_header.hpp */,
				44AF538B1DA46F89009546BC /* OptionForewoman.cpp */,
				44AF538C1DA46F89009546BC /* OptionForewoman.hpp */,
				F7DA053C1E1FC943009FA734 /* CurrentlyUnused */,
			);
			name = src;
			sourceTree = "<group>";
		};
		F74880391E2448510083763E /* stewards */ = {
			isa = PBXGroup;
			children = (
				F748803A1E2448A00083763E /* ComputeSteward.cpp */,
				F748803B1E2448A00083763E /* ComputeSteward.hpp */,
				F748803C1E2448A00083763E /* DataSteward.cpp */,
				F748803D1E2448A00083763E /* DataSteward.hpp */,
				F74880431E245C930083763E /* SensoryStimulationSteward.cpp */,
				F74880441E245C930083763E /* SensoryStimulationSteward.hpp */,
				F748803E1E2448A00083763E /* Steward.cpp */,
				F748803F1E2448A00083763E /* Steward.hpp */,
				F74880461E25AA760083763E /* StimuliSteward.cpp */,
				F74880471E25AA760083763E /* StimuliSteward.hpp */,
				F748804A1E25B7020083763E /* DevelopmentSteward.cpp */,
				F748804B1E25B7020083763E /* DevelopmentSteward.hpp */,
			);
			name = stewards;
			sourceTree = "<group>";
		};
		F7DA053C1E1FC943009FA734 /* CurrentlyUnused */ = {
			isa = PBXGroup;
			children = (
				444DE3F81D8A5D7F00247E36 /* Shader.cpp */,
				444DE3F91D8A5D7F00247E36 /* Shader.hpp */,
				444DE3E91D8A5D7F00247E36 /* ShapeCreator.cpp */,
				444DE3EA1D8A5D7F00247E36 /* ShapeCreator.hpp */,
				444DE4001D8A5D7F00247E36 /* Geometrician.cpp */,
				444DE4011D8A5D7F00247E36 /* Geometrician.hpp */,
				444DE4161D8A63AC00247E36 /* SOIL.c */,
				444DE4171D8A63AC00247E36 /* SOIL.h */,
				444DE41A1D8A63F800247E36 /* stb_image_aug.c */,
				444DE41B1D8A63F800247E36 /* stb_image_aug.h */,
				444DE41C1D8A63F800247E36 /* stbi_DDS_aug_c.h */,
				444DE41D1D8A63F800247E36 /* stbi_DDS_aug.h */,
				444DE3F11D8A5D7F00247E36 /* TextMaker.cpp */,
				444DE3F21D8A5D7F00247E36 /* TextMaker.hpp */,
				444DE4191D8A63D600247E36 /* tiny_obj_loader.h */,
				444DE41F1D8A642700247E36 /* image_DXT.c */,
				444DE4201D8A642700247E36 /* image_DXT.h */,
				444DE4211D8A642700247E36 /* image_helper.c */,
				444DE4221D8A642700247E36 /* image_helper.h */,
				444DE3FA1D8A5D7F00247E36 /* MassPoint.cpp */,
				444DE3FB1D8A5D7F00247E36 /* MassPoint.hpp */,
				444DE3FC1D8A5D7F00247E36 /* Mesher.cpp */,
				444DE3FD1D8A5D7F00247E36 /* Mesher.hpp */,
				443247A91DAE5B33001D153B /* ConnectionComrade.cpp */,
				443247AA1DAE5B33001D153B /* ConnectionComrade.hpp */,
				44B6E6321D9A6CB300A8DB7B /* Camera.cpp */,
				44B6E6331D9A6CB300A8DB7B /* Camera.hpp */,
				444DE3EF1D8A5D7F00247E36 /* Artist.cpp */,
				444DE3F01D8A5D7F00247E36 /* Artist.hpp */,
			);
			name = CurrentlyUnused;
			sourceTree = "<group>";
		};
		F7E7A0A11E2204D00068BD3E /* signals */ = {
			isa = PBXGroup;
			children = (
				F7E7A09E1E2204B20068BD3E /* Signal.cpp */,
				F7E7A09F1E2204B20068BD3E /* Signal.hpp */,
				F7E7A0A51E2205BF0068BD3E /* ConstantSignal.cpp */,
				F7E7A0A61E2205BF0068BD3E /* ConstantSignal.hpp */,
			);
			name = signals;
			sourceTree = "<group>";
		};
		F7E7A0B71E2260620068BD3E /* stimuli */ = {
			isa = PBXGroup;
			children = (
				F7E7A0AB1E2260350068BD3E /* ComplexStimulus.cpp */,
				F7E7A0AC1E2260350068BD3E /* ComplexStimulus.hpp */,
				F7E7A0AD1E2260350068BD3E /* PrimitiveStimulus.cpp */,
				F7E7A0AE1E2260350068BD3E /* PrimitiveStimulus.hpp */,
				F7E7A0B11E2260350068BD3E /* Stimulus.cpp */,
				F7E7A0B21E2260350068BD3E /* Stimulus.hpp */,
			);
			name = stimuli;
			sourceTree = "<group>";
		};
/* End PBXGroup section */

/* Begin PBXNativeTarget section */
		663A75921D0B193D00F6B561 /* ortus */ = {
			isa = PBXNativeTarget;
			buildConfigurationList = 663A759A1D0B193D00F6B561 /* Build configuration list for PBXNativeTarget "ortus" */;
			buildPhases = (
				663A758F1D0B193D00F6B561 /* Sources */,
				663A75901D0B193D00F6B561 /* Frameworks */,
				663A75911D0B193D00F6B561 /* CopyFiles */,
			);
			buildRules = (
			);
			dependencies = (
			);
			name = ortus;
			productName = delegans;
			productReference = 663A75931D0B193D00F6B561 /* ortus */;
			productType = "com.apple.product-type.tool";
		};
/* End PBXNativeTarget section */

/* Begin PBXProject section */
		663A758B1D0B193D00F6B561 /* Project object */ = {
			isa = PBXProject;
			attributes = {
				LastUpgradeCheck = 0730;
				ORGANIZATIONNAME = "Andrew W.E. McDonald";
				TargetAttributes = {
					663A75921D0B193D00F6B561 = {
						CreatedOnToolsVersion = 7.3.1;
					};
				};
			};
			buildConfigurationList = 663A758E1D0B193D00F6B561 /* Build configuration list for PBXProject "ortus" */;
			compatibilityVersion = "Xcode 3.2";
			developmentRegion = English;
			hasScannedForEncodings = 0;
			knownRegions = (
				en,
			);
			mainGroup = 663A758A1D0B193D00F6B561;
			productRefGroup = 663A75941D0B193D00F6B561 /* Products */;
			projectDirPath = "";
			projectRoot = "";
			targets = (
				663A75921D0B193D00F6B561 /* ortus */,
			);
		};
/* End PBXProject section */

/* Begin PBXSourcesBuildPhase section */
		663A758F1D0B193D00F6B561 /* Sources */ = {
			isa = PBXSourcesBuildPhase;
			buildActionMask = 2147483647;
			files = (
				F7E7A0A01E2204B20068BD3E /* Signal.cpp in Sources */,
				444DE4231D8A642700247E36 /* image_DXT.c in Sources */,
				444DE46F1D8A717500247E36 /* myDebug.cpp in Sources */,
				F74880421E2448A00083763E /* Steward.cpp in Sources */,
				F74880511E25FB1E0083763E /* OrtusKernelTwo.cl in Sources */,
				F7E7A0B61E2260350068BD3E /* Stimulus.cpp in Sources */,
				449019C81DBA13CF00569854 /* Probe.cpp in Sources */,
				44B6E6341D9A6CB300A8DB7B /* Camera.cpp in Sources */,
				F7E7A0B31E2260350068BD3E /* ComplexStimulus.cpp in Sources */,
				444DE4051D8A5D7F00247E36 /* ElementInfoModule.cpp in Sources */,
				444DE4031D8A5D7F00247E36 /* MuscleInfoModule.cpp in Sources */,
				444DE4701D8A717500247E36 /* README.md in Sources */,
				F74880401E2448A00083763E /* ComputeSteward.cpp in Sources */,
				444DE4041D8A5D7F00247E36 /* NeuronInfoModule.cpp in Sources */,
				F74880451E245C930083763E /* SensoryStimulationSteward.cpp in Sources */,
				444DE4061D8A5D7F00247E36 /* ShapeCreator.cpp in Sources */,
				444DE4101D8A5D7F00247E36 /* Geometrician.cpp in Sources */,
				444DE4181D8A63AC00247E36 /* SOIL.c in Sources */,
				444DE4241D8A642700247E36 /* image_helper.c in Sources */,
				F74880481E25AA760083763E /* StimuliSteward.cpp in Sources */,
				F7DA053F1E1FCB96009FA734 /* FileAssistant.cpp in Sources */,
				44FDA2EC1DCC7995005897DB /* DataVisualizer.cpp in Sources */,
				444DE46C1D8A717500247E36 /* main.cpp in Sources */,
				444DE40C1D8A5D7F00247E36 /* Shader.cpp in Sources */,
				444DE46E1D8A717500247E36 /* makefile in Sources */,
				444DE40D1D8A5D7F00247E36 /* MassPoint.cpp in Sources */,
				F7E7A0B41E2260350068BD3E /* PrimitiveStimulus.cpp in Sources */,
				F74880411E2448A00083763E /* DataSteward.cpp in Sources */,
				44AF538D1DA46F89009546BC /* OptionForewoman.cpp in Sources */,
				444DE4091D8A5D7F00247E36 /* Artist.cpp in Sources */,
				443247AB1DAE5B33001D153B /* ConnectionComrade.cpp in Sources */,
				F74880501E25FB1E0083763E /* OrtusKernelOne.cl in Sources */,
				444DE4661D8A717500247E36 /* GraphicsGovernor.cpp in Sources */,
				443247B11DB059CE001D153B /* Connection.cpp in Sources */,
				443247B41DB60187001D153B /* AblationStation.cpp in Sources */,
				444DE41E1D8A63F800247E36 /* stb_image_aug.c in Sources */,
				F748804C1E25B7020083763E /* DevelopmentSteward.cpp in Sources */,
				F7E7A0A71E2205BF0068BD3E /* ConstantSignal.cpp in Sources */,
				444DE40E1D8A5D7F00247E36 /* Mesher.cpp in Sources */,
				444DE40A1D8A5D7F00247E36 /* TextMaker.cpp in Sources */,
			);
			runOnlyForDeploymentPostprocessing = 0;
		};
/* End PBXSourcesBuildPhase section */

/* Begin XCBuildConfiguration section */
		663A75981D0B193D00F6B561 /* Debug */ = {
			isa = XCBuildConfiguration;
			buildSettings = {
				ALWAYS_SEARCH_USER_PATHS = NO;
				CLANG_ANALYZER_NONNULL = YES;
				CLANG_CXX_LANGUAGE_STANDARD = "gnu++0x";
				CLANG_CXX_LIBRARY = "libc++";
				CLANG_ENABLE_MODULES = YES;
				CLANG_ENABLE_OBJC_ARC = YES;
				CLANG_WARN_BOOL_CONVERSION = YES;
				CLANG_WARN_CONSTANT_CONVERSION = YES;
				CLANG_WARN_DIRECT_OBJC_ISA_USAGE = YES_ERROR;
				CLANG_WARN_EMPTY_BODY = YES;
				CLANG_WARN_ENUM_CONVERSION = YES;
				CLANG_WARN_INT_CONVERSION = YES;
				CLANG_WARN_OBJC_ROOT_CLASS = YES_ERROR;
				CLANG_WARN_UNREACHABLE_CODE = YES;
				CLANG_WARN__DUPLICATE_METHOD_MATCH = YES;
				CODE_SIGN_IDENTITY = "-";
				COPY_PHASE_STRIP = NO;
				DEBUG_INFORMATION_FORMAT = dwarf;
				ENABLE_STRICT_OBJC_MSGSEND = YES;
				ENABLE_TESTABILITY = YES;
				GCC_C_LANGUAGE_STANDARD = gnu99;
				GCC_DYNAMIC_NO_PIC = NO;
				GCC_NO_COMMON_BLOCKS = YES;
				GCC_OPTIMIZATION_LEVEL = 0;
				GCC_PREPROCESSOR_DEFINITIONS = (
					"DEBUG=1",
					"$(inherited)",
				);
				GCC_WARN_64_TO_32_BIT_CONVERSION = YES;
				GCC_WARN_ABOUT_RETURN_TYPE = YES_ERROR;
				GCC_WARN_UNDECLARED_SELECTOR = YES;
				GCC_WARN_UNINITIALIZED_AUTOS = YES_AGGRESSIVE;
				GCC_WARN_UNUSED_FUNCTION = YES;
				GCC_WARN_UNUSED_VARIABLE = YES;
				MACOSX_DEPLOYMENT_TARGET = 10.11;
				MTL_ENABLE_DEBUG_INFO = YES;
				ONLY_ACTIVE_ARCH = YES;
				SDKROOT = macosx;
			};
			name = Debug;
		};
		663A75991D0B193D00F6B561 /* Release */ = {
			isa = XCBuildConfiguration;
			buildSettings = {
				ALWAYS_SEARCH_USER_PATHS = NO;
				CLANG_ANALYZER_NONNULL = YES;
				CLANG_CXX_LANGUAGE_STANDARD = "gnu++0x";
				CLANG_CXX_LIBRARY = "libc++";
				CLANG_ENABLE_MODULES = YES;
				CLANG_ENABLE_OBJC_ARC = YES;
				CLANG_WARN_BOOL_CONVERSION = YES;
				CLANG_WARN_CONSTANT_CONVERSION = YES;
				CLANG_WARN_DIRECT_OBJC_ISA_USAGE = YES_ERROR;
				CLANG_WARN_EMPTY_BODY = YES;
				CLANG_WARN_ENUM_CONVERSION = YES;
				CLANG_WARN_INT_CONVERSION = YES;
				CLANG_WARN_OBJC_ROOT_CLASS = YES_ERROR;
				CLANG_WARN_UNREACHABLE_CODE = YES;
				CLANG_WARN__DUPLICATE_METHOD_MATCH = YES;
				CODE_SIGN_IDENTITY = "-";
				COPY_PHASE_STRIP = NO;
				DEBUG_INFORMATION_FORMAT = "dwarf-with-dsym";
				ENABLE_NS_ASSERTIONS = NO;
				ENABLE_STRICT_OBJC_MSGSEND = YES;
				GCC_C_LANGUAGE_STANDARD = gnu99;
				GCC_NO_COMMON_BLOCKS = YES;
				GCC_WARN_64_TO_32_BIT_CONVERSION = YES;
				GCC_WARN_ABOUT_RETURN_TYPE = YES_ERROR;
				GCC_WARN_UNDECLARED_SELECTOR = YES;
				GCC_WARN_UNINITIALIZED_AUTOS = YES_AGGRESSIVE;
				GCC_WARN_UNUSED_FUNCTION = YES;
				GCC_WARN_UNUSED_VARIABLE = YES;
				MACOSX_DEPLOYMENT_TARGET = 10.11;
				MTL_ENABLE_DEBUG_INFO = NO;
				SDKROOT = macosx;
			};
			name = Release;
		};
		663A759B1D0B193D00F6B561 /* Debug */ = {
			isa = XCBuildConfiguration;
			buildSettings = {
				FRAMEWORK_SEARCH_PATHS = (
					"$(inherited)",
					"$(LOCAL_LIBRARY_DIR)/Frameworks",
				);
				HEADER_SEARCH_PATHS = (
					"bullet-build/",
					/usr/local/include/freetype2,
					"$(SRCROOT)",
					/usr/local/include,
					"$(PROJECT_DIR)/cppcommon",
				);
				LIBRARY_SEARCH_PATHS = (
					"$(inherited)",
					"bullet-build/BulletDynamics",
					"bullet-build/BulletCollision",
					"bullet-build/LinearMath",
					"$(PROJECT_DIR)/cppcommon",
					/usr/local/lib,
					"$(PROJECT_DIR)/bullet-build/BulletDynamics",
					"$(PROJECT_DIR)/bullet-build/LinearMath",
				);
				OPENCL_COMPILER_VERSION = CL1.2;
				OTHER_LDFLAGS = (
					"-lglfw3",
					"-lsqlite3",
					"-lfreetype",
					"-lpython2.7",
				);
				PRODUCT_NAME = "$(TARGET_NAME)";
			};
			name = Debug;
		};
		663A759C1D0B193D00F6B561 /* Release */ = {
			isa = XCBuildConfiguration;
			buildSettings = {
				FRAMEWORK_SEARCH_PATHS = (
					"$(inherited)",
					"$(LOCAL_LIBRARY_DIR)/Frameworks",
				);
				HEADER_SEARCH_PATHS = (
					"bullet-build/",
					/usr/local/include/freetype2,
					"$(SRCROOT)",
					/usr/local/include,
					"$(PROJECT_DIR)/cppcommon",
				);
				LIBRARY_SEARCH_PATHS = (
					"$(inherited)",
					"bullet-build/BulletDynamics",
					"bullet-build/BulletCollision",
					"bullet-build/LinearMath",
					"$(PROJECT_DIR)/cppcommon",
					/usr/local/lib,
					"$(PROJECT_DIR)/bullet-build/BulletDynamics",
					"$(PROJECT_DIR)/bullet-build/LinearMath",
				);
				OPENCL_COMPILER_VERSION = CL1.2;
				OTHER_LDFLAGS = (
					"-lglfw3",
					"-lsqlite3",
					"-lfreetype",
					"-lpython2.7",
				);
				PRODUCT_NAME = "$(TARGET_NAME)";
			};
			name = Release;
		};
/* End XCBuildConfiguration section */

/* Begin XCConfigurationList section */
		663A758E1D0B193D00F6B561 /* Build configuration list for PBXProject "ortus" */ = {
			isa = XCConfigurationList;
			buildConfigurations = (
				663A75981D0B193D00F6B561 /* Debug */,
				663A75991D0B193D00F6B561 /* Release */,
			);
			defaultConfigurationIsVisible = 0;
			defaultConfigurationName = Release;
		};
		663A759A1D0B193D00F6B561 /* Build configuration list for PBXNativeTarget "ortus" */ = {
			isa = XCConfigurationList;
			buildConfigurations = (
				663A759B1D0B193D00F6B561 /* Debug */,
				663A759C1D0B193D00F6B561 /* Release */,
			);
			defaultConfigurationIsVisible = 0;
			defaultConfigurationName = Release;
		};
/* End XCConfigurationList section */
	};
	rootObject = 663A758B1D0B193D00F6B561 /* Project object */;
}
